{
  "name": "cluster-js",
  "lockfileVersion": 3,
  "requires": true,
  "packages": {
    "": {
      "dependencies": {
        "@dosei/dosei": "0.0.1a23"
      }
    },
    "node_modules/@dosei/dosei": {
      "version": "0.0.1-a23",
      "resolved": "https://registry.npmjs.org/@dosei/dosei/-/dosei-0.0.1-a23.tgz",
      "integrity": "sha512-bPR5ZWEvJ7dR6QNGUJU4/dhwYxDvcrDrsqpKQnaVr9bE6+rkDjHsnM97iqLefj6WQbWuBPr6gpxe6aqeUeMzyQ==",
      "license": "Apache-2.0",
      "dependencies": {
        "dotenv": "^16.4.5"
      }
    },
    "node_modules/dotenv": {
      "version": "16.4.7",
      "resolved": "https://registry.npmjs.org/dotenv/-/dotenv-16.4.7.tgz",
      "integrity": "sha512-47qPchRCykZC03FhkYAhrvwU4xDBFIj1QPqaarj6mdM/hgUzfPHcpkHJOn3mJAufFeeAxAzeGsr5X0M4k6fLZQ==",
      "license": "BSD-2-Clause",
      "engines": {
        "node": ">=12"
      },
      "funding": {
        "url": "https://dotenvx.com"
      }
    }
  }
}
